
Microsoft Visual Studio Solution File, Format Version 12.00
# Visual Studio Version 17
VisualStudioVersion = 17.0.32126.317
MinimumVisualStudioVersion = 10.0.40219.1
Project("{9A19103F-16F7-4668-BE54-9A1E7A4F7556}") = "CLUNL", "Creeper Lv's Universal dotNet Library\CLUNL.csproj", "{597737F0-9561-49FF-B000-F45DF6156B2D}"
EndProject
Project("{9A19103F-16F7-4668-BE54-9A1E7A4F7556}") = "CLUNLTests", "CLUNLTests\CLUNLTests.csproj", "{FD31699C-2F35-4F00-B9C4-31D1DB78758C}"
EndProject
Project("{9A19103F-16F7-4668-BE54-9A1E7A4F7556}") = "CLUNL.DirectedIO", "CLUNL.DirectedIO\CLUNL.DirectedIO.csproj", "{544B8278-67B2-4E13-BCDC-1BF16C4C46E3}"
EndProject
Project("{2150E333-8FDC-42A3-9474-1A3956D46DE8}") = "Solution Items", "Solution Items", "{47590577-03F0-4737-95C1-2F8D171EC0F7}"
	ProjectSection(SolutionItems) = preProject
		Build.ps1 = Build.ps1
		CloneAndBuild.ps1 = CloneAndBuild.ps1
		package.ps1 = package.ps1
		publish.ps1 = publish.ps1
	EndProjectSection
EndProject
Project("{9A19103F-16F7-4668-BE54-9A1E7A4F7556}") = "CLUNL.Packaging", "CLUNL.Packaging\CLUNL.Packaging.csproj", "{03EBE711-9F73-4A94-8021-FA54027316B0}"
EndProject
Project("{9A19103F-16F7-4668-BE54-9A1E7A4F7556}") = "CLUNL.Pipeline", "CLUNL.Pipeline\CLUNL.Pipeline.csproj", "{8625A92E-2C38-4FAD-AA7E-840E7598CDE5}"
EndProject
Project("{2150E333-8FDC-42A3-9474-1A3956D46DE8}") = "Visual Tools", "Visual Tools", "{5BE49C17-34E3-4EED-BA8F-F967683C6232}"
EndProject
Project("{9A19103F-16F7-4668-BE54-9A1E7A4F7556}") = "BufferTools", "BufferTools\BufferTools.csproj", "{09947DA9-3CE4-4E7E-9087-B8083DC26DB9}"
EndProject
Project("{9A19103F-16F7-4668-BE54-9A1E7A4F7556}") = "CLUNL.Data.Layer0.Buffers.UITool", "CLUNL.Data.Layer0.Buffers.UITool\CLUNL.Data.Layer0.Buffers.UITool.csproj", "{4E577367-A548-4C58-BB3C-DA55F6D424E1}"
EndProject
Project("{9A19103F-16F7-4668-BE54-9A1E7A4F7556}") = "CLUNL.Diagnosis", "CLUNL.Diagnosis\CLUNL.Diagnosis.csproj", "{7FD0CFB4-7CAD-4E38-8092-D3A4B2033476}"
EndProject
Project("{9A19103F-16F7-4668-BE54-9A1E7A4F7556}") = "CLUNL.Scripting", "CLUNL.Scripting\CLUNL.Scripting.csproj", "{897B3DAD-B205-4771-8112-3357928B0801}"
EndProject
Project("{9A19103F-16F7-4668-BE54-9A1E7A4F7556}") = "CLUNL.ConsoleAppHelper", "CLUNL.ConsoleAppHelper\CLUNL.ConsoleAppHelper.csproj", "{166A9243-50CA-4530-A4A7-71F27745675C}"
EndProject
Project("{9A19103F-16F7-4668-BE54-9A1E7A4F7556}") = "CLUNL.Localization", "CLUNL.Localization\CLUNL.Localization.csproj", "{92E8596E-2690-460B-BA6F-6CEE8167BBC1}"
EndProject
Project("{2150E333-8FDC-42A3-9474-1A3956D46DE8}") = "Samples", "Samples", "{EA434C75-880E-4D80-9415-8B91AE5431BA}"
EndProject
Project("{9A19103F-16F7-4668-BE54-9A1E7A4F7556}") = "SampleConsoleApp", "SampleConsoleApp\SampleConsoleApp.csproj", "{01F9D58F-B60C-48F9-A2E7-9AEFC2E77321}"
EndProject
Project("{9A19103F-16F7-4668-BE54-9A1E7A4F7556}") = "CLUNL.CacheManager", "CLUNL.CacheManager\CLUNL.CacheManager.csproj", "{B7F8665B-E9F3-47E1-B56B-37346C6BE50D}"
EndProject
Project("{2150E333-8FDC-42A3-9474-1A3956D46DE8}") = "Unity3D", "Unity3D", "{346A3F9B-483B-4B55-9DEB-06751848D4CD}"
EndProject
Project("{9A19103F-16F7-4668-BE54-9A1E7A4F7556}") = "CLUNL.Unity3D", "CLUNL.Unity3D\CLUNL.Unity3D.csproj", "{A0B8FEAE-359C-42FF-B7DE-47BEC603AD28}"
EndProject
Project("{FAE04EC0-301F-11D3-BF4B-00C04F79EFBC}") = "CLUNL.Graph", "CLUNL.Graph\CLUNL.Graph.csproj", "{AC438628-F8E2-45F7-B997-6C5A7C6ADBAD}"
EndProject
Global
	GlobalSection(SolutionConfigurationPlatforms) = preSolution
		Debug|Any CPU = Debug|Any CPU
		Release|Any CPU = Release|Any CPU
	EndGlobalSection
	GlobalSection(ProjectConfigurationPlatforms) = postSolution
		{597737F0-9561-49FF-B000-F45DF6156B2D}.Debug|Any CPU.ActiveCfg = Debug|Any CPU
		{597737F0-9561-49FF-B000-F45DF6156B2D}.Debug|Any CPU.Build.0 = Debug|Any CPU
		{597737F0-9561-49FF-B000-F45DF6156B2D}.Release|Any CPU.ActiveCfg = Release|Any CPU
		{597737F0-9561-49FF-B000-F45DF6156B2D}.Release|Any CPU.Build.0 = Release|Any CPU
		{FD31699C-2F35-4F00-B9C4-31D1DB78758C}.Debug|Any CPU.ActiveCfg = Debug|Any CPU
		{FD31699C-2F35-4F00-B9C4-31D1DB78758C}.Debug|Any CPU.Build.0 = Debug|Any CPU
		{FD31699C-2F35-4F00-B9C4-31D1DB78758C}.Release|Any CPU.ActiveCfg = Release|Any CPU
		{FD31699C-2F35-4F00-B9C4-31D1DB78758C}.Release|Any CPU.Build.0 = Release|Any CPU
		{544B8278-67B2-4E13-BCDC-1BF16C4C46E3}.Debug|Any CPU.ActiveCfg = Debug|Any CPU
		{544B8278-67B2-4E13-BCDC-1BF16C4C46E3}.Debug|Any CPU.Build.0 = Debug|Any CPU
		{544B8278-67B2-4E13-BCDC-1BF16C4C46E3}.Release|Any CPU.ActiveCfg = Release|Any CPU
		{544B8278-67B2-4E13-BCDC-1BF16C4C46E3}.Release|Any CPU.Build.0 = Release|Any CPU
		{03EBE711-9F73-4A94-8021-FA54027316B0}.Debug|Any CPU.ActiveCfg = Debug|Any CPU
		{03EBE711-9F73-4A94-8021-FA54027316B0}.Debug|Any CPU.Build.0 = Debug|Any CPU
		{03EBE711-9F73-4A94-8021-FA54027316B0}.Release|Any CPU.ActiveCfg = Release|Any CPU
		{03EBE711-9F73-4A94-8021-FA54027316B0}.Release|Any CPU.Build.0 = Release|Any CPU
		{8625A92E-2C38-4FAD-AA7E-840E7598CDE5}.Debug|Any CPU.ActiveCfg = Debug|Any CPU
		{8625A92E-2C38-4FAD-AA7E-840E7598CDE5}.Debug|Any CPU.Build.0 = Debug|Any CPU
		{8625A92E-2C38-4FAD-AA7E-840E7598CDE5}.Release|Any CPU.ActiveCfg = Release|Any CPU
		{8625A92E-2C38-4FAD-AA7E-840E7598CDE5}.Release|Any CPU.Build.0 = Release|Any CPU
		{09947DA9-3CE4-4E7E-9087-B8083DC26DB9}.Debug|Any CPU.ActiveCfg = Debug|Any CPU
		{09947DA9-3CE4-4E7E-9087-B8083DC26DB9}.Debug|Any CPU.Build.0 = Debug|Any CPU
		{09947DA9-3CE4-4E7E-9087-B8083DC26DB9}.Release|Any CPU.ActiveCfg = Release|Any CPU
		{09947DA9-3CE4-4E7E-9087-B8083DC26DB9}.Release|Any CPU.Build.0 = Release|Any CPU
		{4E577367-A548-4C58-BB3C-DA55F6D424E1}.Debug|Any CPU.ActiveCfg = Debug|Any CPU
		{4E577367-A548-4C58-BB3C-DA55F6D424E1}.Debug|Any CPU.Build.0 = Debug|Any CPU
		{4E577367-A548-4C58-BB3C-DA55F6D424E1}.Release|Any CPU.ActiveCfg = Release|Any CPU
		{4E577367-A548-4C58-BB3C-DA55F6D424E1}.Release|Any CPU.Build.0 = Release|Any CPU
		{7FD0CFB4-7CAD-4E38-8092-D3A4B2033476}.Debug|Any CPU.ActiveCfg = Debug|Any CPU
		{7FD0CFB4-7CAD-4E38-8092-D3A4B2033476}.Debug|Any CPU.Build.0 = Debug|Any CPU
		{7FD0CFB4-7CAD-4E38-8092-D3A4B2033476}.Release|Any CPU.ActiveCfg = Release|Any CPU
		{7FD0CFB4-7CAD-4E38-8092-D3A4B2033476}.Release|Any CPU.Build.0 = Release|Any CPU
		{897B3DAD-B205-4771-8112-3357928B0801}.Debug|Any CPU.ActiveCfg = Debug|Any CPU
		{897B3DAD-B205-4771-8112-3357928B0801}.Debug|Any CPU.Build.0 = Debug|Any CPU
		{897B3DAD-B205-4771-8112-3357928B0801}.Release|Any CPU.ActiveCfg = Release|Any CPU
		{897B3DAD-B205-4771-8112-3357928B0801}.Release|Any CPU.Build.0 = Release|Any CPU
		{166A9243-50CA-4530-A4A7-71F27745675C}.Debug|Any CPU.ActiveCfg = Debug|Any CPU
		{166A9243-50CA-4530-A4A7-71F27745675C}.Debug|Any CPU.Build.0 = Debug|Any CPU
		{166A9243-50CA-4530-A4A7-71F27745675C}.Release|Any CPU.ActiveCfg = Release|Any CPU
		{166A9243-50CA-4530-A4A7-71F27745675C}.Release|Any CPU.Build.0 = Release|Any CPU
		{92E8596E-2690-460B-BA6F-6CEE8167BBC1}.Debug|Any CPU.ActiveCfg = Debug|Any CPU
		{92E8596E-2690-460B-BA6F-6CEE8167BBC1}.Debug|Any CPU.Build.0 = Debug|Any CPU
		{92E8596E-2690-460B-BA6F-6CEE8167BBC1}.Release|Any CPU.ActiveCfg = Release|Any CPU
		{92E8596E-2690-460B-BA6F-6CEE8167BBC1}.Release|Any CPU.Build.0 = Release|Any CPU
		{01F9D58F-B60C-48F9-A2E7-9AEFC2E77321}.Debug|Any CPU.ActiveCfg = Debug|Any CPU
		{01F9D58F-B60C-48F9-A2E7-9AEFC2E77321}.Debug|Any CPU.Build.0 = Debug|Any CPU
		{01F9D58F-B60C-48F9-A2E7-9AEFC2E77321}.Release|Any CPU.ActiveCfg = Release|Any CPU
		{01F9D58F-B60C-48F9-A2E7-9AEFC2E77321}.Release|Any CPU.Build.0 = Release|Any CPU
		{B7F8665B-E9F3-47E1-B56B-37346C6BE50D}.Debug|Any CPU.ActiveCfg = Debug|Any CPU
		{B7F8665B-E9F3-47E1-B56B-37346C6BE50D}.Debug|Any CPU.Build.0 = Debug|Any CPU
		{B7F8665B-E9F3-47E1-B56B-37346C6BE50D}.Release|Any CPU.ActiveCfg = Release|Any CPU
		{B7F8665B-E9F3-47E1-B56B-37346C6BE50D}.Release|Any CPU.Build.0 = Release|Any CPU
		{A0B8FEAE-359C-42FF-B7DE-47BEC603AD28}.Debug|Any CPU.ActiveCfg = Debug|Any CPU
		{A0B8FEAE-359C-42FF-B7DE-47BEC603AD28}.Debug|Any CPU.Build.0 = Debug|Any CPU
		{A0B8FEAE-359C-42FF-B7DE-47BEC603AD28}.Release|Any CPU.ActiveCfg = Release|Any CPU
		{A0B8FEAE-359C-42FF-B7DE-47BEC603AD28}.Release|Any CPU.Build.0 = Release|Any CPU
		{AC438628-F8E2-45F7-B997-6C5A7C6ADBAD}.Debug|Any CPU.ActiveCfg = Debug|Any CPU
		{AC438628-F8E2-45F7-B997-6C5A7C6ADBAD}.Debug|Any CPU.Build.0 = Debug|Any CPU
		{AC438628-F8E2-45F7-B997-6C5A7C6ADBAD}.Release|Any CPU.ActiveCfg = Release|Any CPU
		{AC438628-F8E2-45F7-B997-6C5A7C6ADBAD}.Release|Any CPU.Build.0 = Release|Any CPU
	EndGlobalSection
	GlobalSection(SolutionProperties) = preSolution
		HideSolutionNode = FALSE
	EndGlobalSection
	GlobalSection(NestedProjects) = preSolution
		{09947DA9-3CE4-4E7E-9087-B8083DC26DB9} = {5BE49C17-34E3-4EED-BA8F-F967683C6232}
		{4E577367-A548-4C58-BB3C-DA55F6D424E1} = {5BE49C17-34E3-4EED-BA8F-F967683C6232}
		{01F9D58F-B60C-48F9-A2E7-9AEFC2E77321} = {EA434C75-880E-4D80-9415-8B91AE5431BA}
		{A0B8FEAE-359C-42FF-B7DE-47BEC603AD28} = {346A3F9B-483B-4B55-9DEB-06751848D4CD}
	EndGlobalSection
	GlobalSection(ExtensibilityGlobals) = postSolution
		SolutionGuid = {C906856E-1A4B-4972-8D20-2B10DA48F4D0}
	EndGlobalSection
EndGlobal
